// !$*UTF8*$!
{
	archiveVersion = 1;
	classes = {
	};
	objectVersion = 46;
	objects = {

/* Begin PBXBuildFile section */
		5C185CEA20B51936005C5E1D /* AppDelegate.m in Sources */ = {isa = PBXBuildFile; fileRef = 5C185CCD20B51936005C5E1D /* AppDelegate.m */; };
		5C185CEB20B51936005C5E1D /* Assets.xcassets in Resources */ = {isa = PBXBuildFile; fileRef = 5C185CCE20B51936005C5E1D /* Assets.xcassets */; };
		5C185CEC20B51936005C5E1D /* LaunchScreen.storyboard in Resources */ = {isa = PBXBuildFile; fileRef = 5C185CCF20B51936005C5E1D /* LaunchScreen.storyboard */; };
		5C185CED20B51936005C5E1D /* Main.storyboard in Resources */ = {isa = PBXBuildFile; fileRef = 5C185CD120B51936005C5E1D /* Main.storyboard */; };
		5C185CEE20B51936005C5E1D /* GlobalTimelineViewController.m in Sources */ = {isa = PBXBuildFile; fileRef = 5C185CD520B51936005C5E1D /* GlobalTimelineViewController.m */; };
		5C185CEF20B51936005C5E1D /* Info.plist in Resources */ = {isa = PBXBuildFile; fileRef = 5C185CD620B51936005C5E1D /* Info.plist */; };
		5C185CF020B51936005C5E1D /* main.m in Sources */ = {isa = PBXBuildFile; fileRef = 5C185CD720B51936005C5E1D /* main.m */; };
		5C185CF120B51936005C5E1D /* Post.m in Sources */ = {isa = PBXBuildFile; fileRef = 5C185CDA20B51936005C5E1D /* Post.m */; };
		5C185CF220B51936005C5E1D /* User.m in Sources */ = {isa = PBXBuildFile; fileRef = 5C185CDC20B51936005C5E1D /* User.m */; };
		5C185CF320B51936005C5E1D /* LLHTTPClient.m in Sources */ = {isa = PBXBuildFile; fileRef = 5C185CDF20B51936005C5E1D /* LLHTTPClient.m */; };
		5C185CF420B51936005C5E1D /* NSJSONSerialization+LLJSON.m in Sources */ = {isa = PBXBuildFile; fileRef = 5C185CE120B51936005C5E1D /* NSJSONSerialization+LLJSON.m */; };
		5C185CF520B51936005C5E1D /* AFAppDotNetAPIClient.m in Sources */ = {isa = PBXBuildFile; fileRef = 5C185CE420B51936005C5E1D /* AFAppDotNetAPIClient.m */; };
		5C185CF620B51936005C5E1D /* ViewController.m in Sources */ = {isa = PBXBuildFile; fileRef = 5C185CE620B51936005C5E1D /* ViewController.m */; };
		5C185CF720B51936005C5E1D /* PostTableViewCell.m in Sources */ = {isa = PBXBuildFile; fileRef = 5C185CE920B51936005C5E1D /* PostTableViewCell.m */; };
		807474B943BC0BC5CC52449F /* libPods-LLHTTPClient.a in Frameworks */ = {isa = PBXBuildFile; fileRef = 21946805CBE4969D2DEE5794 /* libPods-LLHTTPClient.a */; };
/* End PBXBuildFile section */

/* Begin PBXContainerItemProxy section */
		1FB8E4591C3128A300EE3636 /* PBXContainerItemProxy */ = {
			isa = PBXContainerItemProxy;
			containerPortal = 1FB8E4371C3128A200EE3636 /* Project object */;
			proxyType = 1;
			remoteGlobalIDString = 1FB8E43E1C3128A200EE3636;
			remoteInfo = LYHttpClient;
		};
		1FB8E4641C3128A300EE3636 /* PBXContainerItemProxy */ = {
			isa = PBXContainerItemProxy;
			containerPortal = 1FB8E4371C3128A200EE3636 /* Project object */;
			proxyType = 1;
			remoteGlobalIDString = 1FB8E43E1C3128A200EE3636;
			remoteInfo = LYHttpClient;
		};
/* End PBXContainerItemProxy section */

/* Begin PBXFileReference section */
		1FB8E43F1C3128A200EE3636 /* LLHTTPClient.app */ = {isa = PBXFileReference; explicitFileType = wrapper.application; includeInIndex = 0; path = LLHTTPClient.app; sourceTree = BUILT_PRODUCTS_DIR; };
		1FB8E4581C3128A300EE3636 /* LLHTTPClientTests.xctest */ = {isa = PBXFileReference; explicitFileType = wrapper.cfbundle; includeInIndex = 0; path = LLHTTPClientTests.xctest; sourceTree = BUILT_PRODUCTS_DIR; };
		1FB8E4631C3128A300EE3636 /* LLHTTPClientUITests.xctest */ = {isa = PBXFileReference; explicitFileType = wrapper.cfbundle; includeInIndex = 0; path = LLHTTPClientUITests.xctest; sourceTree = BUILT_PRODUCTS_DIR; };
		21946805CBE4969D2DEE5794 /* libPods-LLHTTPClient.a */ = {isa = PBXFileReference; explicitFileType = archive.ar; includeInIndex = 0; path = "libPods-LLHTTPClient.a"; sourceTree = BUILT_PRODUCTS_DIR; };
		36FA94B7BEFBFBF41A76279D /* Pods-LLHTTPClient.release.xcconfig */ = {isa = PBXFileReference; includeInIndex = 1; lastKnownFileType = text.xcconfig; name = "Pods-LLHTTPClient.release.xcconfig"; path = "Pods/Target Support Files/Pods-LLHTTPClient/Pods-LLHTTPClient.release.xcconfig"; sourceTree = "<group>"; };
		42A5C8F1A3C8B87077E138F1 /* Pods-LLHTTPClient.debug.xcconfig */ = {isa = PBXFileReference; includeInIndex = 1; lastKnownFileType = text.xcconfig; name = "Pods-LLHTTPClient.debug.xcconfig"; path = "Pods/Target Support Files/Pods-LLHTTPClient/Pods-LLHTTPClient.debug.xcconfig"; sourceTree = "<group>"; };
		5C185CCC20B51936005C5E1D /* AppDelegate.h */ = {isa = PBXFileReference; fileEncoding = 4; lastKnownFileType = sourcecode.c.h; path = AppDelegate.h; sourceTree = "<group>"; };
		5C185CCD20B51936005C5E1D /* AppDelegate.m */ = {isa = PBXFileReference; fileEncoding = 4; lastKnownFileType = sourcecode.c.objc; path = AppDelegate.m; sourceTree = "<group>"; };
		5C185CCE20B51936005C5E1D /* Assets.xcassets */ = {isa = PBXFileReference; lastKnownFileType = folder.assetcatalog; path = Assets.xcassets; sourceTree = "<group>"; };
		5C185CD020B51936005C5E1D /* Base */ = {isa = PBXFileReference; lastKnownFileType = file.storyboard; name = Base; path = Base.lproj/LaunchScreen.storyboard; sourceTree = "<group>"; };
		5C185CD220B51936005C5E1D /* Base */ = {isa = PBXFileReference; lastKnownFileType = file.storyboard; name = Base; path = Base.lproj/Main.storyboard; sourceTree = "<group>"; };
		5C185CD420B51936005C5E1D /* GlobalTimelineViewController.h */ = {isa = PBXFileReference; fileEncoding = 4; lastKnownFileType = sourcecode.c.h; path = GlobalTimelineViewController.h; sourceTree = "<group>"; };
		5C185CD520B51936005C5E1D /* GlobalTimelineViewController.m */ = {isa = PBXFileReference; fileEncoding = 4; lastKnownFileType = sourcecode.c.objc; path = GlobalTimelineViewController.m; sourceTree = "<group>"; };
		5C185CD620B51936005C5E1D /* Info.plist */ = {isa = PBXFileReference; fileEncoding = 4; lastKnownFileType = text.plist.xml; path = Info.plist; sourceTree = "<group>"; };
		5C185CD720B51936005C5E1D /* main.m */ = {isa = PBXFileReference; fileEncoding = 4; lastKnownFileType = sourcecode.c.objc; path = main.m; sourceTree = "<group>"; };
		5C185CD920B51936005C5E1D /* Post.h */ = {isa = PBXFileReference; fileEncoding = 4; lastKnownFileType = sourcecode.c.h; path = Post.h; sourceTree = "<group>"; };
		5C185CDA20B51936005C5E1D /* Post.m */ = {isa = PBXFileReference; fileEncoding = 4; lastKnownFileType = sourcecode.c.objc; path = Post.m; sourceTree = "<group>"; };
		5C185CDB20B51936005C5E1D /* User.h */ = {isa = PBXFileReference; fileEncoding = 4; lastKnownFileType = sourcecode.c.h; path = User.h; sourceTree = "<group>"; };
		5C185CDC20B51936005C5E1D /* User.m */ = {isa = PBXFileReference; fileEncoding = 4; lastKnownFileType = sourcecode.c.objc; path = User.m; sourceTree = "<group>"; };
		5C185CDE20B51936005C5E1D /* LLHTTPClient.h */ = {isa = PBXFileReference; fileEncoding = 4; lastKnownFileType = sourcecode.c.h; path = LLHTTPClient.h; sourceTree = "<group>"; };
		5C185CDF20B51936005C5E1D /* LLHTTPClient.m */ = {isa = PBXFileReference; fileEncoding = 4; lastKnownFileType = sourcecode.c.objc; path = LLHTTPClient.m; sourceTree = "<group>"; };
		5C185CE020B51936005C5E1D /* NSJSONSerialization+LLJSON.h */ = {isa = PBXFileReference; fileEncoding = 4; lastKnownFileType = sourcecode.c.h; path = "NSJSONSerialization+LLJSON.h"; sourceTree = "<group>"; };
		5C185CE120B51936005C5E1D /* NSJSONSerialization+LLJSON.m */ = {isa = PBXFileReference; fileEncoding = 4; lastKnownFileType = sourcecode.c.objc; path = "NSJSONSerialization+LLJSON.m"; sourceTree = "<group>"; };
		5C185CE320B51936005C5E1D /* AFAppDotNetAPIClient.h */ = {isa = PBXFileReference; fileEncoding = 4; lastKnownFileType = sourcecode.c.h; path = AFAppDotNetAPIClient.h; sourceTree = "<group>"; };
		5C185CE420B51936005C5E1D /* AFAppDotNetAPIClient.m */ = {isa = PBXFileReference; fileEncoding = 4; lastKnownFileType = sourcecode.c.objc; path = AFAppDotNetAPIClient.m; sourceTree = "<group>"; };
		5C185CE520B51936005C5E1D /* ViewController.h */ = {isa = PBXFileReference; fileEncoding = 4; lastKnownFileType = sourcecode.c.h; path = ViewController.h; sourceTree = "<group>"; };
		5C185CE620B51936005C5E1D /* ViewController.m */ = {isa = PBXFileReference; fileEncoding = 4; lastKnownFileType = sourcecode.c.objc; path = ViewController.m; sourceTree = "<group>"; };
		5C185CE820B51936005C5E1D /* PostTableViewCell.h */ = {isa = PBXFileReference; fileEncoding = 4; lastKnownFileType = sourcecode.c.h; path = PostTableViewCell.h; sourceTree = "<group>"; };
		5C185CE920B51936005C5E1D /* PostTableViewCell.m */ = {isa = PBXFileReference; fileEncoding = 4; lastKnownFileType = sourcecode.c.objc; path = PostTableViewCell.m; sourceTree = "<group>"; };
/* End PBXFileReference section */

/* Begin PBXFrameworksBuildPhase section */
		1FB8E43C1C3128A200EE3636 /* Frameworks */ = {
			isa = PBXFrameworksBuildPhase;
			buildActionMask = 2147483647;
			files = (
				807474B943BC0BC5CC52449F /* libPods-LLHTTPClient.a in Frameworks */,
			);
			runOnlyForDeploymentPostprocessing = 0;
		};
		1FB8E4551C3128A300EE3636 /* Frameworks */ = {
			isa = PBXFrameworksBuildPhase;
			buildActionMask = 2147483647;
			files = (
			);
			runOnlyForDeploymentPostprocessing = 0;
		};
		1FB8E4601C3128A300EE3636 /* Frameworks */ = {
			isa = PBXFrameworksBuildPhase;
			buildActionMask = 2147483647;
			files = (
			);
			runOnlyForDeploymentPostprocessing = 0;
		};
/* End PBXFrameworksBuildPhase section */

/* Begin PBXGroup section */
		1FB8E4361C3128A200EE3636 = {
			isa = PBXGroup;
			children = (
				5C185CCB20B51936005C5E1D /* LLHTTPClient */,
				1FB8E4401C3128A200EE3636 /* Products */,
				64F15F1E0FF705F5039B1CFA /* Pods */,
				94AE6DABE10F8E264B5B8842 /* Frameworks */,
			);
			sourceTree = "<group>";
		};
		1FB8E4401C3128A200EE3636 /* Products */ = {
			isa = PBXGroup;
			children = (
				1FB8E43F1C3128A200EE3636 /* LLHTTPClient.app */,
				1FB8E4581C3128A300EE3636 /* LLHTTPClientTests.xctest */,
				1FB8E4631C3128A300EE3636 /* LLHTTPClientUITests.xctest */,
			);
			name = Products;
			sourceTree = "<group>";
		};
		5C185CCB20B51936005C5E1D /* LLHTTPClient */ = {
			isa = PBXGroup;
			children = (
				5C185CCC20B51936005C5E1D /* AppDelegate.h */,
				5C185CCD20B51936005C5E1D /* AppDelegate.m */,
				5C185CCE20B51936005C5E1D /* Assets.xcassets */,
				5C185CCF20B51936005C5E1D /* LaunchScreen.storyboard */,
				5C185CD120B51936005C5E1D /* Main.storyboard */,
				5C185CD320B51936005C5E1D /* Controllers */,
				5C185CD620B51936005C5E1D /* Info.plist */,
				5C185CD720B51936005C5E1D /* main.m */,
				5C185CD820B51936005C5E1D /* Models */,
				5C185CDD20B51936005C5E1D /* network */,
				5C185CE220B51936005C5E1D /* Networking Extensions */,
				5C185CE520B51936005C5E1D /* ViewController.h */,
				5C185CE620B51936005C5E1D /* ViewController.m */,
				5C185CE720B51936005C5E1D /* Views */,
			);
			path = LLHTTPClient;
			sourceTree = "<group>";
		};
		5C185CD320B51936005C5E1D /* Controllers */ = {
			isa = PBXGroup;
			children = (
				5C185CD420B51936005C5E1D /* GlobalTimelineViewController.h */,
				5C185CD520B51936005C5E1D /* GlobalTimelineViewController.m */,
			);
			path = Controllers;
			sourceTree = "<group>";
		};
		5C185CD820B51936005C5E1D /* Models */ = {
			isa = PBXGroup;
			children = (
				5C185CD920B51936005C5E1D /* Post.h */,
				5C185CDA20B51936005C5E1D /* Post.m */,
				5C185CDB20B51936005C5E1D /* User.h */,
				5C185CDC20B51936005C5E1D /* User.m */,
			);
			path = Models;
			sourceTree = "<group>";
		};
		5C185CDD20B51936005C5E1D /* network */ = {
			isa = PBXGroup;
			children = (
				5C185CDE20B51936005C5E1D /* LLHTTPClient.h */,
				5C185CDF20B51936005C5E1D /* LLHTTPClient.m */,
				5C185CE020B51936005C5E1D /* NSJSONSerialization+LLJSON.h */,
				5C185CE120B51936005C5E1D /* NSJSONSerialization+LLJSON.m */,
			);
			path = network;
			sourceTree = "<group>";
		};
		5C185CE220B51936005C5E1D /* Networking Extensions */ = {
			isa = PBXGroup;
			children = (
				5C185CE320B51936005C5E1D /* AFAppDotNetAPIClient.h */,
				5C185CE420B51936005C5E1D /* AFAppDotNetAPIClient.m */,
			);
			path = "Networking Extensions";
			sourceTree = "<group>";
		};
		5C185CE720B51936005C5E1D /* Views */ = {
			isa = PBXGroup;
			children = (
				5C185CE820B51936005C5E1D /* PostTableViewCell.h */,
				5C185CE920B51936005C5E1D /* PostTableViewCell.m */,
			);
			path = Views;
			sourceTree = "<group>";
		};
		64F15F1E0FF705F5039B1CFA /* Pods */ = {
			isa = PBXGroup;
			children = (
				42A5C8F1A3C8B87077E138F1 /* Pods-LLHTTPClient.debug.xcconfig */,
				36FA94B7BEFBFBF41A76279D /* Pods-LLHTTPClient.release.xcconfig */,
			);
			name = Pods;
			sourceTree = "<group>";
		};
		94AE6DABE10F8E264B5B8842 /* Frameworks */ = {
			isa = PBXGroup;
			children = (
				21946805CBE4969D2DEE5794 /* libPods-LLHTTPClient.a */,
			);
			name = Frameworks;
			sourceTree = "<group>";
		};
/* End PBXGroup section */

/* Begin PBXNativeTarget section */
		1FB8E43E1C3128A200EE3636 /* LLHTTPClient */ = {
			isa = PBXNativeTarget;
			buildConfigurationList = 1FB8E46C1C3128A300EE3636 /* Build configuration list for PBXNativeTarget "LLHTTPClient" */;
			buildPhases = (
				4D78CC8BA2C3253335133F4E /* [CP] Check Pods Manifest.lock */,
				1FB8E43B1C3128A200EE3636 /* Sources */,
				1FB8E43C1C3128A200EE3636 /* Frameworks */,
				1FB8E43D1C3128A200EE3636 /* Resources */,
			);
			buildRules = (
			);
			dependencies = (
			);
			name = LLHTTPClient;
			productName = LYHttpClient;
			productReference = 1FB8E43F1C3128A200EE3636 /* LLHTTPClient.app */;
			productType = "com.apple.product-type.application";
		};
		1FB8E4571C3128A300EE3636 /* LLHTTPClientTests */ = {
			isa = PBXNativeTarget;
			buildConfigurationList = 1FB8E46F1C3128A300EE3636 /* Build configuration list for PBXNativeTarget "LLHTTPClientTests" */;
			buildPhases = (
				1FB8E4541C3128A300EE3636 /* Sources */,
				1FB8E4551C3128A300EE3636 /* Frameworks */,
				1FB8E4561C3128A300EE3636 /* Resources */,
			);
			buildRules = (
			);
			dependencies = (
				1FB8E45A1C3128A300EE3636 /* PBXTargetDependency */,
			);
			name = LLHTTPClientTests;
			productName = LYHttpClientTests;
			productReference = 1FB8E4581C3128A300EE3636 /* LLHTTPClientTests.xctest */;
			productType = "com.apple.product-type.bundle.unit-test";
		};
		1FB8E4621C3128A300EE3636 /* LLHTTPClientUITests */ = {
			isa = PBXNativeTarget;
			buildConfigurationList = 1FB8E4721C3128A300EE3636 /* Build configuration list for PBXNativeTarget "LLHTTPClientUITests" */;
			buildPhases = (
				1FB8E45F1C3128A300EE3636 /* Sources */,
				1FB8E4601C3128A300EE3636 /* Frameworks */,
				1FB8E4611C3128A300EE3636 /* Resources */,
			);
			buildRules = (
			);
			dependencies = (
				1FB8E4651C3128A300EE3636 /* PBXTargetDependency */,
			);
			name = LLHTTPClientUITests;
			productName = LYHttpClientUITests;
			productReference = 1FB8E4631C3128A300EE3636 /* LLHTTPClientUITests.xctest */;
			productType = "com.apple.product-type.bundle.ui-testing";
		};
/* End PBXNativeTarget section */

/* Begin PBXProject section */
		1FB8E4371C3128A200EE3636 /* Project object */ = {
			isa = PBXProject;
			attributes = {
				LastUpgradeCheck = 0920;
				ORGANIZATIONNAME = LianLeven;
				TargetAttributes = {
					1FB8E43E1C3128A200EE3636 = {
						CreatedOnToolsVersion = 7.1.1;
						DevelopmentTeam = FALLEC93LS;
					};
					1FB8E4571C3128A300EE3636 = {
						CreatedOnToolsVersion = 7.1.1;
						DevelopmentTeam = 6FWMC45959;
						TestTargetID = 1FB8E43E1C3128A200EE3636;
					};
					1FB8E4621C3128A300EE3636 = {
						CreatedOnToolsVersion = 7.1.1;
						DevelopmentTeam = 6FWMC45959;
						TestTargetID = 1FB8E43E1C3128A200EE3636;
					};
				};
			};
			buildConfigurationList = 1FB8E43A1C3128A200EE3636 /* Build configuration list for PBXProject "LLHTTPClient" */;
			compatibilityVersion = "Xcode 3.2";
			developmentRegion = English;
			hasScannedForEncodings = 0;
			knownRegions = (
				en,
				Base,
			);
			mainGroup = 1FB8E4361C3128A200EE3636;
			productRefGroup = 1FB8E4401C3128A200EE3636 /* Products */;
			projectDirPath = "";
			projectRoot = "";
			targets = (
				1FB8E43E1C3128A200EE3636 /* LLHTTPClient */,
				1FB8E4571C3128A300EE3636 /* LLHTTPClientTests */,
				1FB8E4621C3128A300EE3636 /* LLHTTPClientUITests */,
			);
		};
/* End PBXProject section */

/* Begin PBXResourcesBuildPhase section */
		1FB8E43D1C3128A200EE3636 /* Resources */ = {
			isa = PBXResourcesBuildPhase;
			buildActionMask = 2147483647;
			files = (
				5C185CEF20B51936005C5E1D /* Info.plist in Resources */,
				5C185CED20B51936005C5E1D /* Main.storyboard in Resources */,
				5C185CEB20B51936005C5E1D /* Assets.xcassets in Resources */,
				5C185CEC20B51936005C5E1D /* LaunchScreen.storyboard in Resources */,
			);
			runOnlyForDeploymentPostprocessing = 0;
		};
		1FB8E4561C3128A300EE3636 /* Resources */ = {
			isa = PBXResourcesBuildPhase;
			buildActionMask = 2147483647;
			files = (
			);
			runOnlyForDeploymentPostprocessing = 0;
		};
		1FB8E4611C3128A300EE3636 /* Resources */ = {
			isa = PBXResourcesBuildPhase;
			buildActionMask = 2147483647;
			files = (
			);
			runOnlyForDeploymentPostprocessing = 0;
		};
/* End PBXResourcesBuildPhase section */

/* Begin PBXShellScriptBuildPhase section */
		4D78CC8BA2C3253335133F4E /* [CP] Check Pods Manifest.lock */ = {
			isa = PBXShellScriptBuildPhase;
			buildActionMask = 2147483647;
			files = (
			);
			inputPaths = (
				"${PODS_PODFILE_DIR_PATH}/Podfile.lock",
				"${PODS_ROOT}/Manifest.lock",
			);
			name = "[CP] Check Pods Manifest.lock";
			outputPaths = (
				"$(DERIVED_FILE_DIR)/Pods-LLHTTPClient-checkManifestLockResult.txt",
			);
			runOnlyForDeploymentPostprocessing = 0;
			shellPath = /bin/sh;
			shellScript = "diff \"${PODS_PODFILE_DIR_PATH}/Podfile.lock\" \"${PODS_ROOT}/Manifest.lock\" > /dev/null\nif [ $? != 0 ] ; then\n    # print error to STDERR\n    echo \"error: The sandbox is not in sync with the Podfile.lock. Run 'pod install' or update your CocoaPods installation.\" >&2\n    exit 1\nfi\n# This output is used by Xcode 'outputs' to avoid re-running this script phase.\necho \"SUCCESS\" > \"${SCRIPT_OUTPUT_FILE_0}\"\n";
			showEnvVarsInLog = 0;
		};
/* End PBXShellScriptBuildPhase section */

/* Begin PBXSourcesBuildPhase section */
		1FB8E43B1C3128A200EE3636 /* Sources */ = {
			isa = PBXSourcesBuildPhase;
			buildActionMask = 2147483647;
			files = (
				5C185CF620B51936005C5E1D /* ViewController.m in Sources */,
				5C185CF520B51936005C5E1D /* AFAppDotNetAPIClient.m in Sources */,
				5C185CF220B51936005C5E1D /* User.m in Sources */,
				5C185CF420B51936005C5E1D /* NSJSONSerialization+LLJSON.m in Sources */,
				5C185CEE20B51936005C5E1D /* GlobalTimelineViewController.m in Sources */,
				5C185CF320B51936005C5E1D /* LLHTTPClient.m in Sources */,
				5C185CF020B51936005C5E1D /* main.m in Sources */,
				5C185CEA20B51936005C5E1D /* AppDelegate.m in Sources */,
				5C185CF120B51936005C5E1D /* Post.m in Sources */,
				5C185CF720B51936005C5E1D /* PostTableViewCell.m in Sources */,
			);
			runOnlyForDeploymentPostprocessing = 0;
		};
		1FB8E4541C3128A300EE3636 /* Sources */ = {
			isa = PBXSourcesBuildPhase;
			buildActionMask = 2147483647;
			files = (
			);
			runOnlyForDeploymentPostprocessing = 0;
		};
		1FB8E45F1C3128A300EE3636 /* Sources */ = {
			isa = PBXSourcesBuildPhase;
			buildActionMask = 2147483647;
			files = (
			);
			runOnlyForDeploymentPostprocessing = 0;
		};
/* End PBXSourcesBuildPhase section */

/* Begin PBXTargetDependency section */
		1FB8E45A1C3128A300EE3636 /* PBXTargetDependency */ = {
			isa = PBXTargetDependency;
			target = 1FB8E43E1C3128A200EE3636 /* LLHTTPClient */;
			targetProxy = 1FB8E4591C3128A300EE3636 /* PBXContainerItemProxy */;
		};
		1FB8E4651C3128A300EE3636 /* PBXTargetDependency */ = {
			isa = PBXTargetDependency;
			target = 1FB8E43E1C3128A200EE3636 /* LLHTTPClient */;
			targetProxy = 1FB8E4641C3128A300EE3636 /* PBXContainerItemProxy */;
		};
/* End PBXTargetDependency section */

/* Begin PBXVariantGroup section */
		5C185CCF20B51936005C5E1D /* LaunchScreen.storyboard */ = {
			isa = PBXVariantGroup;
			children = (
				5C185CD020B51936005C5E1D /* Base */,
			);
			name = LaunchScreen.storyboard;
			sourceTree = "<group>";
		};
		5C185CD120B51936005C5E1D /* Main.storyboard */ = {
			isa = PBXVariantGroup;
			children = (
				5C185CD220B51936005C5E1D /* Base */,
			);
			name = Main.storyboard;
			sourceTree = "<group>";
		};
/* End PBXVariantGroup section */

/* Begin XCBuildConfiguration section */
		1FB8E46A1C3128A300EE3636 /* Debug */ = {
			isa = XCBuildConfiguration;
			buildSettings = {
				ALWAYS_SEARCH_USER_PATHS = NO;
				CLANG_CXX_LANGUAGE_STANDARD = "gnu++0x";
				CLANG_CXX_LIBRARY = "libc++";
				CLANG_ENABLE_MODULES = YES;
				CLANG_ENABLE_OBJC_ARC = YES;
				CLANG_WARN_BLOCK_CAPTURE_AUTORELEASING = YES;
				CLANG_WARN_BOOL_CONVERSION = YES;
				CLANG_WARN_COMMA = YES;
				CLANG_WARN_CONSTANT_CONVERSION = YES;
				CLANG_WARN_DIRECT_OBJC_ISA_USAGE = YES_ERROR;
				CLANG_WARN_EMPTY_BODY = YES;
				CLANG_WARN_ENUM_CONVERSION = YES;
				CLANG_WARN_INFINITE_RECURSION = YES;
				CLANG_WARN_INT_CONVERSION = YES;
				CLANG_WARN_NON_LITERAL_NULL_CONVERSION = YES;
				CLANG_WARN_OBJC_LITERAL_CONVERSION = YES;
				CLANG_WARN_OBJC_ROOT_CLASS = YES_ERROR;
				CLANG_WARN_RANGE_LOOP_ANALYSIS = YES;
				CLANG_WARN_STRICT_PROTOTYPES = YES;
				CLANG_WARN_SUSPICIOUS_MOVE = YES;
				CLANG_WARN_UNREACHABLE_CODE = YES;
				CLANG_WARN__DUPLICATE_METHOD_MATCH = YES;
				"CODE_SIGN_IDENTITY[sdk=iphoneos*]" = "iPhone Developer";
				COPY_PHASE_STRIP = NO;
				DEBUG_INFORMATION_FORMAT = dwarf;
				ENABLE_STRICT_OBJC_MSGSEND = YES;
				ENABLE_TESTABILITY = YES;
				GCC_C_LANGUAGE_STANDARD = gnu99;
				GCC_DYNAMIC_NO_PIC = NO;
				GCC_NO_COMMON_BLOCKS = YES;
				GCC_OPTIMIZATION_LEVEL = 0;
				GCC_PREPROCESSOR_DEFINITIONS = (
					"DEBUG=1",
					"$(inherited)",
				);
				GCC_WARN_64_TO_32_BIT_CONVERSION = YES;
				GCC_WARN_ABOUT_RETURN_TYPE = YES_ERROR;
				GCC_WARN_UNDECLARED_SELECTOR = YES;
				GCC_WARN_UNINITIALIZED_AUTOS = YES_AGGRESSIVE;
				GCC_WARN_UNUSED_FUNCTION = YES;
				GCC_WARN_UNUSED_VARIABLE = YES;
				IPHONEOS_DEPLOYMENT_TARGET = 9.1;
				MTL_ENABLE_DEBUG_INFO = YES;
				ONLY_ACTIVE_ARCH = YES;
				SDKROOT = iphoneos;
			};
			name = Debug;
		};
		1FB8E46B1C3128A300EE3636 /* Release */ = {
			isa = XCBuildConfiguration;
			buildSettings = {
				ALWAYS_SEARCH_USER_PATHS = NO;
				CLANG_CXX_LANGUAGE_STANDARD = "gnu++0x";
				CLANG_CXX_LIBRARY = "libc++";
				CLANG_ENABLE_MODULES = YES;
				CLANG_ENABLE_OBJC_ARC = YES;
				CLANG_WARN_BLOCK_CAPTURE_AUTORELEASING = YES;
				CLANG_WARN_BOOL_CONVERSION = YES;
				CLANG_WARN_COMMA = YES;
				CLANG_WARN_CONSTANT_CONVERSION = YES;
				CLANG_WARN_DIRECT_OBJC_ISA_USAGE = YES_ERROR;
				CLANG_WARN_EMPTY_BODY = YES;
				CLANG_WARN_ENUM_CONVERSION = YES;
				CLANG_WARN_INFINITE_RECURSION = YES;
				CLANG_WARN_INT_CONVERSION = YES;
				CLANG_WARN_NON_LITERAL_NULL_CONVERSION = YES;
				CLANG_WARN_OBJC_LITERAL_CONVERSION = YES;
				CLANG_WARN_OBJC_ROOT_CLASS = YES_ERROR;
				CLANG_WARN_RANGE_LOOP_ANALYSIS = YES;
				CLANG_WARN_STRICT_PROTOTYPES = YES;
				CLANG_WARN_SUSPICIOUS_MOVE = YES;
				CLANG_WARN_UNREACHABLE_CODE = YES;
				CLANG_WARN__DUPLICATE_METHOD_MATCH = YES;
				"CODE_SIGN_IDENTITY[sdk=iphoneos*]" = "iPhone Developer";
				COPY_PHASE_STRIP = NO;
				DEBUG_INFORMATION_FORMAT = "dwarf-with-dsym";
				ENABLE_NS_ASSERTIONS = NO;
				ENABLE_STRICT_OBJC_MSGSEND = YES;
				GCC_C_LANGUAGE_STANDARD = gnu99;
				GCC_NO_COMMON_BLOCKS = YES;
				GCC_WARN_64_TO_32_BIT_CONVERSION = YES;
				GCC_WARN_ABOUT_RETURN_TYPE = YES_ERROR;
				GCC_WARN_UNDECLARED_SELECTOR = YES;
				GCC_WARN_UNINITIALIZED_AUTOS = YES_AGGRESSIVE;
				GCC_WARN_UNUSED_FUNCTION = YES;
				GCC_WARN_UNUSED_VARIABLE = YES;
				IPHONEOS_DEPLOYMENT_TARGET = 9.1;
				MTL_ENABLE_DEBUG_INFO = NO;
				SDKROOT = iphoneos;
				VALIDATE_PRODUCT = YES;
			};
			name = Release;
		};
		1FB8E46D1C3128A300EE3636 /* Debug */ = {
			isa = XCBuildConfiguration;
			baseConfigurationReference = 42A5C8F1A3C8B87077E138F1 /* Pods-LLHTTPClient.debug.xcconfig */;
			buildSettings = {
				ASSETCATALOG_COMPILER_APPICON_NAME = AppIcon;
				DEVELOPMENT_TEAM = FALLEC93LS;
				INFOPLIST_FILE = LLHTTPClient/Info.plist;
				LD_RUNPATH_SEARCH_PATHS = "$(inherited) @executable_path/Frameworks";
				PRODUCT_BUNDLE_IDENTIFIER = com.LianLeven.LLHTTPClient;
				PRODUCT_NAME = "$(TARGET_NAME)";
			};
			name = Debug;
		};
		1FB8E46E1C3128A300EE3636 /* Release */ = {
			isa = XCBuildConfiguration;
			baseConfigurationReference = 36FA94B7BEFBFBF41A76279D /* Pods-LLHTTPClient.release.xcconfig */;
			buildSettings = {
				ASSETCATALOG_COMPILER_APPICON_NAME = AppIcon;
				DEVELOPMENT_TEAM = FALLEC93LS;
				INFOPLIST_FILE = LLHTTPClient/Info.plist;
				LD_RUNPATH_SEARCH_PATHS = "$(inherited) @executable_path/Frameworks";
				PRODUCT_BUNDLE_IDENTIFIER = com.LianLeven.LLHTTPClient;
				PRODUCT_NAME = "$(TARGET_NAME)";
			};
			name = Release;
		};
		1FB8E4701C3128A300EE3636 /* Debug */ = {
			isa = XCBuildConfiguration;
			buildSettings = {
				BUNDLE_LOADER = "$(TEST_HOST)";
				INFOPLIST_FILE = LYHttpClientTests/Info.plist;
				LD_RUNPATH_SEARCH_PATHS = "$(inherited) @executable_path/Frameworks @loader_path/Frameworks";
				PRODUCT_BUNDLE_IDENTIFIER = com.LianLeven.LYHttpClientTests;
				PRODUCT_NAME = "$(TARGET_NAME)";
				TEST_HOST = "$(BUILT_PRODUCTS_DIR)/LLHTTPClient.app/LLHTTPClient";
			};
			name = Debug;
		};
		1FB8E4711C3128A300EE3636 /* Release */ = {
			isa = XCBuildConfiguration;
			buildSettings = {
				BUNDLE_LOADER = "$(TEST_HOST)";
				INFOPLIST_FILE = LYHttpClientTests/Info.plist;
				LD_RUNPATH_SEARCH_PATHS = "$(inherited) @executable_path/Frameworks @loader_path/Frameworks";
				PRODUCT_BUNDLE_IDENTIFIER = com.LianLeven.LYHttpClientTests;
				PRODUCT_NAME = "$(TARGET_NAME)";
				TEST_HOST = "$(BUILT_PRODUCTS_DIR)/LLHTTPClient.app/LLHTTPClient";
			};
			name = Release;
		};
		1FB8E4731C3128A300EE3636 /* Debug */ = {
			isa = XCBuildConfiguration;
			buildSettings = {
				INFOPLIST_FILE = LYHttpClientUITests/Info.plist;
				LD_RUNPATH_SEARCH_PATHS = "$(inherited) @executable_path/Frameworks @loader_path/Frameworks";
				PRODUCT_BUNDLE_IDENTIFIER = com.LianLeven.LYHttpClientUITests;
				PRODUCT_NAME = "$(TARGET_NAME)";
				TEST_TARGET_NAME = LYHttpClient;
				USES_XCTRUNNER = YES;
			};
			name = Debug;
		};
		1FB8E4741C3128A300EE3636 /* Release */ = {
			isa = XCBuildConfiguration;
			buildSettings = {
				INFOPLIST_FILE = LYHttpClientUITests/Info.plist;
				LD_RUNPATH_SEARCH_PATHS = "$(inherited) @executable_path/Frameworks @loader_path/Frameworks";
				PRODUCT_BUNDLE_IDENTIFIER = com.LianLeven.LYHttpClientUITests;
				PRODUCT_NAME = "$(TARGET_NAME)";
				TEST_TARGET_NAME = LYHttpClient;
				USES_XCTRUNNER = YES;
			};
			name = Release;
		};
/* End XCBuildConfiguration section */

/* Begin XCConfigurationList section */
		1FB8E43A1C3128A200EE3636 /* Build configuration list for PBXProject "LLHTTPClient" */ = {
			isa = XCConfigurationList;
			buildConfigurations = (
				1FB8E46A1C3128A300EE3636 /* Debug */,
				1FB8E46B1C3128A300EE3636 /* Release */,
			);
			defaultConfigurationIsVisible = 0;
			defaultConfigurationName = Release;
		};
		1FB8E46C1C3128A300EE3636 /* Build configuration list for PBXNativeTarget "LLHTTPClient" */ = {
			isa = XCConfigurationList;
			buildConfigurations = (
				1FB8E46D1C3128A300EE3636 /* Debug */,
				1FB8E46E1C3128A300EE3636 /* Release */,
			);
			defaultConfigurationIsVisible = 0;
			defaultConfigurationName = Release;
		};
		1FB8E46F1C3128A300EE3636 /* Build configuration list for PBXNativeTarget "LLHTTPClientTests" */ = {
			isa = XCConfigurationList;
			buildConfigurations = (
				1FB8E4701C3128A300EE3636 /* Debug */,
				1FB8E4711C3128A300EE3636 /* Release */,
			);
			defaultConfigurationIsVisible = 0;
			defaultConfigurationName = Release;
		};
		1FB8E4721C3128A300EE3636 /* Build configuration list for PBXNativeTarget "LLHTTPClientUITests" */ = {
			isa = XCConfigurationList;
			buildConfigurations = (
				1FB8E4731C3128A300EE3636 /* Debug */,
				1FB8E4741C3128A300EE3636 /* Release */,
			);
			defaultConfigurationIsVisible = 0;
			defaultConfigurationName = Release;
		};
/* End XCConfigurationList section */
	};
	rootObject = 1FB8E4371C3128A200EE3636 /* Project object */;
}
